schema: 1
fedora_release: "44"
fedora_kernel_branch: "f44"
fedora_kernel_commit: "6f8b6a8493d3c04f129e1324c7ddc1ec7501f135"
fedora_kernel_version: "7.1.12"
radxa_kernel_repo: "https://github.com/radxa/kernel.git"
radxa_kernel_ref: "4a7a039590c7185ed9c53453b163806311799eed"
radxa_kernel_branch: "linux-7.0.11"
radxa_firmware_repo: "https://github.com/radxa-pkg/radxa-firmware.git"
radxa_firmware_ref: "e1761009df008adfd62c77f2c5584e3067449013"
radxa_firmware_version: "0.2.41"
radxa_overlays_repo: "https://github.com/radxa-pkg/radxa-overlays.git"
radxa_overlays_ref: "be64705364a8f131da018e322e04f3232e56d9a9"
armbian_build_repo: "https://github.com/armbian/build.git"
armbian_ref: "6a2ff579d20e45482ec92a6d181970b88f48cee9"
patch_manifest: "config/armbian-sc8280xp-edge-patches.sha256"
patch_manifest_sha256: "b9c9bc904cfa848d660962da74d48c91460faca689a797b08d6a0ea21af4a9af"
