schema: 3
radxa_kernel_repo: "https://github.com/radxa/kernel.git"
radxa_kernel_ref: "4a7a039590c7185ed9c53453b163806311799eed"
radxa_kernel_branch: "linux-7.0.11"
radxa_kernel_dts_path: "vendor/radxa/kernel/sc8280xp-radxa-dragon-q8b.dts"
radxa_kernel_dts_sha256: "61f052f6597f194909634b3a6ccf611bc960b85e6e6d0ef42d165eb016d38566"
radxa_firmware_repo: "https://github.com/radxa-pkg/radxa-firmware.git"
radxa_firmware_ref: "e1761009df008adfd62c77f2c5584e3067449013"
radxa_firmware_version: "0.2.41"
radxa_firmware_archive: "vendor/radxa/firmware/radxa-firmware-e1761009df008adfd62c77f2c5584e3067449013.tar.gz"
radxa_firmware_archive_sha256: "6d0ba1526fe090ee45c49731bebd64504aa51d39900e2f3cad4ca49963051bc3"
radxa_overlays_repo: "https://github.com/radxa-pkg/radxa-overlays.git"
radxa_overlays_ref: "be64705364a8f131da018e322e04f3232e56d9a9"
radxa_overlays_archive: "vendor/radxa/overlays/radxa-overlays-be64705364a8f131da018e322e04f3232e56d9a9.tar.gz"
radxa_overlays_archive_sha256: "988e6c93fb6ee07266ff82a644cb688e958b17a5a75fd0070897feddde93a939"
alsa_ucm_repo: "https://github.com/radxa-pkg/alsa-ucm-conf"
alsa_ucm_version: "1.2.16.1-radxa-1"
alsa_ucm_archive: "vendor/radxa/alsa/alsa-ucm-conf-1.2.16.1-radxa-1.tar.gz"
alsa_ucm_archive_sha256: "68f7ac7d334e9e7e879f8664d3deecea8f07403a93a2f43a0632580b8d0309da"
armbian_build_repo: "https://github.com/armbian/build.git"
armbian_ref: "1f33ee9db0063ec281d3c273ac5df5dcd6f84450"
patch_manifest: "config/armbian-sc8280xp-edge-patches.sha256"
patch_manifest_sha256: "8200e10e0f21ca95fdd57a9c8a803438693b692f1af247d637331851556d29a1"
fastrpc_repo: "https://github.com/qualcomm/fastrpc.git"
fastrpc_tag: "v1.0.6"
fastrpc_ref: "5f0b6a33a19f3f7f0c06709846752a2caf64e413"
fastrpc_version: "1.0.6"
fastrpc_archive: "vendor/qualcomm/fastrpc/fastrpc-1.0.6.tar.gz"
fastrpc_archive_sha256: "4e3fdce8b8ed715579f51778b19d88617f508d0c4f431bd190fde217d6ba4947"
qairt_version: "2.49.40.260810"
qairt_download_url: "https://softwarecenter.qualcomm.com/api/download/software/sdks/Qualcomm_AI_Runtime_Community/All/2.49.40.260810/v2.49.40.260810.zip"
qairt_archive_sha256: "8b1e00d03806b026c41dbc51aec40d6b6c684fff34806409dc2283d00926629a"
qairt_license_sha256: "ec1dccfdcba5c6e64126e84199b8362bf4999107bfa567ebe831dbb4c461692b"
qairt_target: "aarch64-oe-linux-gcc11.2"
qairt_dsp_arch: "68"
